
Microsoft Visual Studio Solution File, Format Version 12.00
# Visual Studio Version 16
VisualStudioVersion = 16.0.32510.428
MinimumVisualStudioVersion = 10.0.40219.1
Project("{FAE04EC0-301F-11D3-BF4B-00C04F79EFBC}") = "TPabm", "TPabm\TPabm.csproj", "{7E80A7B6-673F-4D4D-B3A2-3EFF39A16B51}"
EndProject
Global
	GlobalSection(SolutionConfigurationPlatforms) = preSolution
		Debug|Any CPU = Debug|Any CPU
		Release|Any CPU = Release|Any CPU
	EndGlobalSection
	GlobalSection(ProjectConfigurationPlatforms) = postSolution
		{7E80A7B6-673F-4D4D-B3A2-3EFF39A16B51}.Debug|Any CPU.ActiveCfg = Debug|Any CPU
		{7E80A7B6-673F-4D4D-B3A2-3EFF39A16B51}.Debug|Any CPU.Build.0 = Debug|Any CPU
		{7E80A7B6-673F-4D4D-B3A2-3EFF39A16B51}.Release|Any CPU.ActiveCfg = Release|Any CPU
		{7E80A7B6-673F-4D4D-B3A2-3EFF39A16B51}.Release|Any CPU.Build.0 = Release|Any CPU
	EndGlobalSection
	GlobalSection(SolutionProperties) = preSolution
		HideSolutionNode = FALSE
	EndGlobalSection
	GlobalSection(ExtensibilityGlobals) = postSolution
		SolutionGuid = {0887D933-CF0F-42F2-B56E-1D446C0BA708}
	EndGlobalSection
EndGlobal
